// !$*UTF8*$!
{
	archiveVersion = 1;
	classes = {
	};
	objectVersion = 55;
	objects = {

/* Begin PBXBuildFile section */
		BDC3121227983C62009C641E /* AppDelegate.swift in Sources */ = {isa = PBXBuildFile; fileRef = BDC3121127983C62009C641E /* AppDelegate.swift */; };
		BDC3121427983C62009C641E /* SceneDelegate.swift in Sources */ = {isa = PBXBuildFile; fileRef = BDC3121327983C62009C641E /* SceneDelegate.swift */; };
		BDC3121627983C62009C641E /* ViewController.swift in Sources */ = {isa = PBXBuildFile; fileRef = BDC3121527983C62009C641E /* ViewController.swift */; };
		BDC3121927983C62009C641E /* Main.storyboard in Resources */ = {isa = PBXBuildFile; fileRef = BDC3121727983C62009C641E /* Main.storyboard */; };
		BDC3121B27983C63009C641E /* Assets.xcassets in Resources */ = {isa = PBXBuildFile; fileRef = BDC3121A27983C63009C641E /* Assets.xcassets */; };
		BDC3121E27983C63009C641E /* LaunchScreen.storyboard in Resources */ = {isa = PBXBuildFile; fileRef = BDC3121C27983C63009C641E /* LaunchScreen.storyboard */; };
		BDC3122927983C63009C641E /* ios_build_action_demoTests.swift in Sources */ = {isa = PBXBuildFile; fileRef = BDC3122827983C63009C641E /* ios_build_action_demoTests.swift */; };
		BDC3123327983C63009C641E /* ios_build_action_demoUITests.swift in Sources */ = {isa = PBXBuildFile; fileRef = BDC3123227983C63009C641E /* ios_build_action_demoUITests.swift */; };
		BDC3123527983C63009C641E /* ios_build_action_demoUITestsLaunchTests.swift in Sources */ = {isa = PBXBuildFile; fileRef = BDC3123427983C63009C641E /* ios_build_action_demoUITestsLaunchTests.swift */; };
/* End PBXBuildFile section */

/* Begin PBXContainerItemProxy section */
		BDC3122527983C63009C641E /* PBXContainerItemProxy */ = {
			isa = PBXContainerItemProxy;
			containerPortal = BDC3120627983C62009C641E /* Project object */;
			proxyType = 1;
			remoteGlobalIDString = BDC3120D27983C62009C641E;
			remoteInfo = "ios-build-action-demo";
		};
		BDC3122F27983C63009C641E /* PBXContainerItemProxy */ = {
			isa = PBXContainerItemProxy;
			containerPortal = BDC3120627983C62009C641E /* Project object */;
			proxyType = 1;
			remoteGlobalIDString = BDC3120D27983C62009C641E;
			remoteInfo = "ios-build-action-demo";
		};
/* End PBXContainerItemProxy section */

/* Begin PBXFileReference section */
		BDC3120E27983C62009C641E /* ios-build-action-demo.app */ = {isa = PBXFileReference; explicitFileType = wrapper.application; includeInIndex = 0; path = "ios-build-action-demo.app"; sourceTree = BUILT_PRODUCTS_DIR; };
		BDC3121127983C62009C641E /* AppDelegate.swift */ = {isa = PBXFileReference; lastKnownFileType = sourcecode.swift; path = AppDelegate.swift; sourceTree = "<group>"; };
		BDC3121327983C62009C641E /* SceneDelegate.swift */ = {isa = PBXFileReference; lastKnownFileType = sourcecode.swift; path = SceneDelegate.swift; sourceTree = "<group>"; };
		BDC3121527983C62009C641E /* ViewController.swift */ = {isa = PBXFileReference; lastKnownFileType = sourcecode.swift; path = ViewController.swift; sourceTree = "<group>"; };
		BDC3121827983C62009C641E /* Base */ = {isa = PBXFileReference; lastKnownFileType = file.storyboard; name = Base; path = Base.lproj/Main.storyboard; sourceTree = "<group>"; };
		BDC3121A27983C63009C641E /* Assets.xcassets */ = {isa = PBXFileReference; lastKnownFileType = folder.assetcatalog; path = Assets.xcassets; sourceTree = "<group>"; };
		BDC3121D27983C63009C641E /* Base */ = {isa = PBXFileReference; lastKnownFileType = file.storyboard; name = Base; path = Base.lproj/LaunchScreen.storyboard; sourceTree = "<group>"; };
		BDC3121F27983C63009C641E /* Info.plist */ = {isa = PBXFileReference; lastKnownFileType = text.plist.xml; path = Info.plist; sourceTree = "<group>"; };
		BDC3122427983C63009C641E /* ios-build-action-demoTests.xctest */ = {isa = PBXFileReference; explicitFileType = wrapper.cfbundle; includeInIndex = 0; path = "ios-build-action-demoTests.xctest"; sourceTree = BUILT_PRODUCTS_DIR; };
		BDC3122827983C63009C641E /* ios_build_action_demoTests.swift */ = {isa = PBXFileReference; lastKnownFileType = sourcecode.swift; path = ios_build_action_demoTests.swift; sourceTree = "<group>"; };
		BDC3122E27983C63009C641E /* ios-build-action-demoUITests.xctest */ = {isa = PBXFileReference; explicitFileType = wrapper.cfbundle; includeInIndex = 0; path = "ios-build-action-demoUITests.xctest"; sourceTree = BUILT_PRODUCTS_DIR; };
		BDC3123227983C63009C641E /* ios_build_action_demoUITests.swift */ = {isa = PBXFileReference; lastKnownFileType = sourcecode.swift; path = ios_build_action_demoUITests.swift; sourceTree = "<group>"; };
		BDC3123427983C63009C641E /* ios_build_action_demoUITestsLaunchTests.swift */ = {isa = PBXFileReference; lastKnownFileType = sourcecode.swift; path = ios_build_action_demoUITestsLaunchTests.swift; sourceTree = "<group>"; };
/* End PBXFileReference section */

/* Begin PBXFrameworksBuildPhase section */
		BDC3120B27983C62009C641E /* Frameworks */ = {
			isa = PBXFrameworksBuildPhase;
			buildActionMask = 2147483647;
			files = (
			);
			runOnlyForDeploymentPostprocessing = 0;
		};
		BDC3122127983C63009C641E /* Frameworks */ = {
			isa = PBXFrameworksBuildPhase;
			buildActionMask = 2147483647;
			files = (
			);
			runOnlyForDeploymentPostprocessing = 0;
		};
		BDC3122B27983C63009C641E /* Frameworks */ = {
			isa = PBXFrameworksBuildPhase;
			buildActionMask = 2147483647;
			files = (
			);
			runOnlyForDeploymentPostprocessing = 0;
		};
/* End PBXFrameworksBuildPhase section */

/* Begin PBXGroup section */
		BDC3120527983C62009C641E = {
			isa = PBXGroup;
			children = (
				BDC3121027983C62009C641E /* ios-build-action-demo */,
				BDC3122727983C63009C641E /* ios-build-action-demoTests */,
				BDC3123127983C63009C641E /* ios-build-action-demoUITests */,
				BDC3120F27983C62009C641E /* Products */,
			);
			sourceTree = "<group>";
		};
		BDC3120F27983C62009C641E /* Products */ = {
			isa = PBXGroup;
			children = (
				BDC3120E27983C62009C641E /* ios-build-action-demo.app */,
				BDC3122427983C63009C641E /* ios-build-action-demoTests.xctest */,
				BDC3122E27983C63009C641E /* ios-build-action-demoUITests.xctest */,
			);
			name = Products;
			sourceTree = "<group>";
		};
		BDC3121027983C62009C641E /* ios-build-action-demo */ = {
			isa = PBXGroup;
			children = (
				BDC3121127983C62009C641E /* AppDelegate.swift */,
				BDC3121327983C62009C641E /* SceneDelegate.swift */,
				BDC3121527983C62009C641E /* ViewController.swift */,
				BDC3121727983C62009C641E /* Main.storyboard */,
				BDC3121A27983C63009C641E /* Assets.xcassets */,
				BDC3121C27983C63009C641E /* LaunchScreen.storyboard */,
				BDC3121F27983C63009C641E /* Info.plist */,
			);
			path = "ios-build-action-demo";
			sourceTree = "<group>";
		};
		BDC3122727983C63009C641E /* ios-build-action-demoTests */ = {
			isa = PBXGroup;
			children = (
				BDC3122827983C63009C641E /* ios_build_action_demoTests.swift */,
			);
			path = "ios-build-action-demoTests";
			sourceTree = "<group>";
		};
		BDC3123127983C63009C641E /* ios-build-action-demoUITests */ = {
			isa = PBXGroup;
			children = (
				BDC3123227983C63009C641E /* ios_build_action_demoUITests.swift */,
				BDC3123427983C63009C641E /* ios_build_action_demoUITestsLaunchTests.swift */,
			);
			path = "ios-build-action-demoUITests";
			sourceTree = "<group>";
		};
/* End PBXGroup section */

/* Begin PBXNativeTarget section */
		BDC3120D27983C62009C641E /* ios-build-action-demo */ = {
			isa = PBXNativeTarget;
			buildConfigurationList = BDC3123827983C63009C641E /* Build configuration list for PBXNativeTarget "ios-build-action-demo" */;
			buildPhases = (
				BDC3120A27983C62009C641E /* Sources */,
				BDC3120B27983C62009C641E /* Frameworks */,
				BDC3120C27983C62009C641E /* Resources */,
			);
			buildRules = (
			);
			dependencies = (
			);
			name = "ios-build-action-demo";
			productName = "ios-build-action-demo";
			productReference = BDC3120E27983C62009C641E /* ios-build-action-demo.app */;
			productType = "com.apple.product-type.application";
		};
		BDC3122327983C63009C641E /* ios-build-action-demoTests */ = {
			isa = PBXNativeTarget;
			buildConfigurationList = BDC3123B27983C63009C641E /* Build configuration list for PBXNativeTarget "ios-build-action-demoTests" */;
			buildPhases = (
				BDC3122027983C63009C641E /* Sources */,
				BDC3122127983C63009C641E /* Frameworks */,
				BDC3122227983C63009C641E /* Resources */,
			);
			buildRules = (
			);
			dependencies = (
				BDC3122627983C63009C641E /* PBXTargetDependency */,
			);
			name = "ios-build-action-demoTests";
			productName = "ios-build-action-demoTests";
			productReference = BDC3122427983C63009C641E /* ios-build-action-demoTests.xctest */;
			productType = "com.apple.product-type.bundle.unit-test";
		};
		BDC3122D27983C63009C641E /* ios-build-action-demoUITests */ = {
			isa = PBXNativeTarget;
			buildConfigurationList = BDC3123E27983C63009C641E /* Build configuration list for PBXNativeTarget "ios-build-action-demoUITests" */;
			buildPhases = (
				BDC3122A27983C63009C641E /* Sources */,
				BDC3122B27983C63009C641E /* Frameworks */,
				BDC3122C27983C63009C641E /* Resources */,
			);
			buildRules = (
			);
			dependencies = (
				BDC3123027983C63009C641E /* PBXTargetDependency */,
			);
			name = "ios-build-action-demoUITests";
			productName = "ios-build-action-demoUITests";
			productReference = BDC3122E27983C63009C641E /* ios-build-action-demoUITests.xctest */;
			productType = "com.apple.product-type.bundle.ui-testing";
		};
/* End PBXNativeTarget section */

/* Begin PBXProject section */
		BDC3120627983C62009C641E /* Project object */ = {
			isa = PBXProject;
			attributes = {
				BuildIndependentTargetsInParallel = 1;
				LastSwiftUpdateCheck = 1310;
				LastUpgradeCheck = 1310;
				TargetAttributes = {
					BDC3120D27983C62009C641E = {
						CreatedOnToolsVersion = 13.1;
					};
					BDC3122327983C63009C641E = {
						CreatedOnToolsVersion = 13.1;
						TestTargetID = BDC3120D27983C62009C641E;
					};
					BDC3122D27983C63009C641E = {
						CreatedOnToolsVersion = 13.1;
						TestTargetID = BDC3120D27983C62009C641E;
					};
				};
			};
			buildConfigurationList = BDC3120927983C62009C641E /* Build configuration list for PBXProject "ios-build-action-demo" */;
			compatibilityVersion = "Xcode 13.0";
			developmentRegion = en;
			hasScannedForEncodings = 0;
			knownRegions = (
				en,
				Base,
			);
			mainGroup = BDC3120527983C62009C641E;
			productRefGroup = BDC3120F27983C62009C641E /* Products */;
			projectDirPath = "";
			projectRoot = "";
			targets = (
				BDC3120D27983C62009C641E /* ios-build-action-demo */,
				BDC3122327983C63009C641E /* ios-build-action-demoTests */,
				BDC3122D27983C63009C641E /* ios-build-action-demoUITests */,
			);
		};
/* End PBXProject section */

/* Begin PBXResourcesBuildPhase section */
		BDC3120C27983C62009C641E /* Resources */ = {
			isa = PBXResourcesBuildPhase;
			buildActionMask = 2147483647;
			files = (
				BDC3121E27983C63009C641E /* LaunchScreen.storyboard in Resources */,
				BDC3121B27983C63009C641E /* Assets.xcassets in Resources */,
				BDC3121927983C62009C641E /* Main.storyboard in Resources */,
			);
			runOnlyForDeploymentPostprocessing = 0;
		};
		BDC3122227983C63009C641E /* Resources */ = {
			isa = PBXResourcesBuildPhase;
			buildActionMask = 2147483647;
			files = (
			);
			runOnlyForDeploymentPostprocessing = 0;
		};
		BDC3122C27983C63009C641E /* Resources */ = {
			isa = PBXResourcesBuildPhase;
			buildActionMask = 2147483647;
			files = (
			);
			runOnlyForDeploymentPostprocessing = 0;
		};
/* End PBXResourcesBuildPhase section */

/* Begin PBXSourcesBuildPhase section */
		BDC3120A27983C62009C641E /* Sources */ = {
			isa = PBXSourcesBuildPhase;
			buildActionMask = 2147483647;
			files = (
				BDC3121627983C62009C641E /* ViewController.swift in Sources */,
				BDC3121227983C62009C641E /* AppDelegate.swift in Sources */,
				BDC3121427983C62009C641E /* SceneDelegate.swift in Sources */,
			);
			runOnlyForDeploymentPostprocessing = 0;
		};
		BDC3122027983C63009C641E /* Sources */ = {
			isa = PBXSourcesBuildPhase;
			buildActionMask = 2147483647;
			files = (
				BDC3122927983C63009C641E /* ios_build_action_demoTests.swift in Sources */,
			);
			runOnlyForDeploymentPostprocessing = 0;
		};
		BDC3122A27983C63009C641E /* Sources */ = {
			isa = PBXSourcesBuildPhase;
			buildActionMask = 2147483647;
			files = (
				BDC3123527983C63009C641E /* ios_build_action_demoUITestsLaunchTests.swift in Sources */,
				BDC3123327983C63009C641E /* ios_build_action_demoUITests.swift in Sources */,
			);
			runOnlyForDeploymentPostprocessing = 0;
		};
/* End PBXSourcesBuildPhase section */

/* Begin PBXTargetDependency section */
		BDC3122627983C63009C641E /* PBXTargetDependency */ = {
			isa = PBXTargetDependency;
			target = BDC3120D27983C62009C641E /* ios-build-action-demo */;
			targetProxy = BDC3122527983C63009C641E /* PBXContainerItemProxy */;
		};
		BDC3123027983C63009C641E /* PBXTargetDependency */ = {
			isa = PBXTargetDependency;
			target = BDC3120D27983C62009C641E /* ios-build-action-demo */;
			targetProxy = BDC3122F27983C63009C641E /* PBXContainerItemProxy */;
		};
/* End PBXTargetDependency section */

/* Begin PBXVariantGroup section */
		BDC3121727983C62009C641E /* Main.storyboard */ = {
			isa = PBXVariantGroup;
			children = (
				BDC3121827983C62009C641E /* Base */,
			);
			name = Main.storyboard;
			sourceTree = "<group>";
		};
		BDC3121C27983C63009C641E /* LaunchScreen.storyboard */ = {
			isa = PBXVariantGroup;
			children = (
				BDC3121D27983C63009C641E /* Base */,
			);
			name = LaunchScreen.storyboard;
			sourceTree = "<group>";
		};
/* End PBXVariantGroup section */

/* Begin XCBuildConfiguration section */
		BDC3123627983C63009C641E /* Debug */ = {
			isa = XCBuildConfiguration;
			buildSettings = {
				ALWAYS_SEARCH_USER_PATHS = NO;
				CLANG_ANALYZER_NONNULL = YES;
				CLANG_ANALYZER_NUMBER_OBJECT_CONVERSION = YES_AGGRESSIVE;
				CLANG_CXX_LANGUAGE_STANDARD = "gnu++17";
				CLANG_CXX_LIBRARY = "libc++";
				CLANG_ENABLE_MODULES = YES;
				CLANG_ENABLE_OBJC_ARC = YES;
				CLANG_ENABLE_OBJC_WEAK = YES;
				CLANG_WARN_BLOCK_CAPTURE_AUTORELEASING = YES;
				CLANG_WARN_BOOL_CONVERSION = YES;
				CLANG_WARN_COMMA = YES;
				CLANG_WARN_CONSTANT_CONVERSION = YES;
				CLANG_WARN_DEPRECATED_OBJC_IMPLEMENTATIONS = YES;
				CLANG_WARN_DIRECT_OBJC_ISA_USAGE = YES_ERROR;
				CLANG_WARN_DOCUMENTATION_COMMENTS = YES;
				CLANG_WARN_EMPTY_BODY = YES;
				CLANG_WARN_ENUM_CONVERSION = YES;
				CLANG_WARN_INFINITE_RECURSION = YES;
				CLANG_WARN_INT_CONVERSION = YES;
				CLANG_WARN_NON_LITERAL_NULL_CONVERSION = YES;
				CLANG_WARN_OBJC_IMPLICIT_RETAIN_SELF = YES;
				CLANG_WARN_OBJC_LITERAL_CONVERSION = YES;
				CLANG_WARN_OBJC_ROOT_CLASS = YES_ERROR;
				CLANG_WARN_QUOTED_INCLUDE_IN_FRAMEWORK_HEADER = YES;
				CLANG_WARN_RANGE_LOOP_ANALYSIS = YES;
				CLANG_WARN_STRICT_PROTOTYPES = YES;
				CLANG_WARN_SUSPICIOUS_MOVE = YES;
				CLANG_WARN_UNGUARDED_AVAILABILITY = YES_AGGRESSIVE;
				CLANG_WARN_UNREACHABLE_CODE = YES;
				CLANG_WARN__DUPLICATE_METHOD_MATCH = YES;
				COPY_PHASE_STRIP = NO;
				DEBUG_INFORMATION_FORMAT = dwarf;
				ENABLE_STRICT_OBJC_MSGSEND = YES;
				ENABLE_TESTABILITY = YES;
				GCC_C_LANGUAGE_STANDARD = gnu11;
				GCC_DYNAMIC_NO_PIC = NO;
				GCC_NO_COMMON_BLOCKS = YES;
				GCC_OPTIMIZATION_LEVEL = 0;
				GCC_PREPROCESSOR_DEFINITIONS = (
					"DEBUG=1",
					"$(inherited)",
				);
				GCC_WARN_64_TO_32_BIT_CONVERSION = YES;
				GCC_WARN_ABOUT_RETURN_TYPE = YES_ERROR;
				GCC_WARN_UNDECLARED_SELECTOR = YES;
				GCC_WARN_UNINITIALIZED_AUTOS = YES_AGGRESSIVE;
				GCC_WARN_UNUSED_FUNCTION = YES;
				GCC_WARN_UNUSED_VARIABLE = YES;
				IPHONEOS_DEPLOYMENT_TARGET = 15.0;
				MTL_ENABLE_DEBUG_INFO = INCLUDE_SOURCE;
				MTL_FAST_MATH = YES;
				ONLY_ACTIVE_ARCH = YES;
				SDKROOT = iphoneos;
				SWIFT_ACTIVE_COMPILATION_CONDITIONS = DEBUG;
				SWIFT_OPTIMIZATION_LEVEL = "-Onone";
			};
			name = Debug;
		};
		BDC3123727983C63009C641E /* Release */ = {
			isa = XCBuildConfiguration;
			buildSettings = {
				ALWAYS_SEARCH_USER_PATHS = NO;
				CLANG_ANALYZER_NONNULL = YES;
				CLANG_ANALYZER_NUMBER_OBJECT_CONVERSION = YES_AGGRESSIVE;
				CLANG_CXX_LANGUAGE_STANDARD = "gnu++17";
				CLANG_CXX_LIBRARY = "libc++";
				CLANG_ENABLE_MODULES = YES;
				CLANG_ENABLE_OBJC_ARC = YES;
				CLANG_ENABLE_OBJC_WEAK = YES;
				CLANG_WARN_BLOCK_CAPTURE_AUTORELEASING = YES;
				CLANG_WARN_BOOL_CONVERSION = YES;
				CLANG_WARN_COMMA = YES;
				CLANG_WARN_CONSTANT_CONVERSION = YES;
				CLANG_WARN_DEPRECATED_OBJC_IMPLEMENTATIONS = YES;
				CLANG_WARN_DIRECT_OBJC_ISA_USAGE = YES_ERROR;
				CLANG_WARN_DOCUMENTATION_COMMENTS = YES;
				CLANG_WARN_EMPTY_BODY = YES;
				CLANG_WARN_ENUM_CONVERSION = YES;
				CLANG_WARN_INFINITE_RECURSION = YES;
				CLANG_WARN_INT_CONVERSION = YES;
				CLANG_WARN_NON_LITERAL_NULL_CONVERSION = YES;
				CLANG_WARN_OBJC_IMPLICIT_RETAIN_SELF = YES;
				CLANG_WARN_OBJC_LITERAL_CONVERSION = YES;
				CLANG_WARN_OBJC_ROOT_CLASS = YES_ERROR;
				CLANG_WARN_QUOTED_INCLUDE_IN_FRAMEWORK_HEADER = YES;
				CLANG_WARN_RANGE_LOOP_ANALYSIS = YES;
				CLANG_WARN_STRICT_PROTOTYPES = YES;
				CLANG_WARN_SUSPICIOUS_MOVE = YES;
				CLANG_WARN_UNGUARDED_AVAILABILITY = YES_AGGRESSIVE;
				CLANG_WARN_UNREACHABLE_CODE = YES;
				CLANG_WARN__DUPLICATE_METHOD_MATCH = YES;
				COPY_PHASE_STRIP = NO;
				DEBUG_INFORMATION_FORMAT = "dwarf-with-dsym";
				ENABLE_NS_ASSERTIONS = NO;
				ENABLE_STRICT_OBJC_MSGSEND = YES;
				GCC_C_LANGUAGE_STANDARD = gnu11;
				GCC_NO_COMMON_BLOCKS = YES;
				GCC_WARN_64_TO_32_BIT_CONVERSION = YES;
				GCC_WARN_ABOUT_RETURN_TYPE = YES_ERROR;
				GCC_WARN_UNDECLARED_SELECTOR = YES;
				GCC_WARN_UNINITIALIZED_AUTOS = YES_AGGRESSIVE;
				GCC_WARN_UNUSED_FUNCTION = YES;
				GCC_WARN_UNUSED_VARIABLE = YES;
				IPHONEOS_DEPLOYMENT_TARGET = 15.0;
				MTL_ENABLE_DEBUG_INFO = NO;
				MTL_FAST_MATH = YES;
				SDKROOT = iphoneos;
				SWIFT_COMPILATION_MODE = wholemodule;
				SWIFT_OPTIMIZATION_LEVEL = "-O";
				VALIDATE_PRODUCT = YES;
			};
			name = Release;
		};
		BDC3123927983C63009C641E /* Debug */ = {
			isa = XCBuildConfiguration;
			buildSettings = {
				ASSETCATALOG_COMPILER_APPICON_NAME = AppIcon;
				ASSETCATALOG_COMPILER_GLOBAL_ACCENT_COLOR_NAME = AccentColor;
				CODE_SIGN_STYLE = Automatic;
				CURRENT_PROJECT_VERSION = 1;
				DEVELOPMENT_TEAM = F29XXG27ZR;
				GENERATE_INFOPLIST_FILE = YES;
				INFOPLIST_FILE = "ios-build-action-demo/Info.plist";
				INFOPLIST_KEY_UIApplicationSupportsIndirectInputEvents = YES;
				INFOPLIST_KEY_UILaunchStoryboardName = LaunchScreen;
				INFOPLIST_KEY_UIMainStoryboardFile = Main;
				INFOPLIST_KEY_UISupportedInterfaceOrientations_iPad = "UIInterfaceOrientationPortrait UIInterfaceOrientationPortraitUpsideDown UIInterfaceOrientationLandscapeLeft UIInterfaceOrientationLandscapeRight";
				INFOPLIST_KEY_UISupportedInterfaceOrientations_iPhone = "UIInterfaceOrientationPortrait UIInterfaceOrientationLandscapeLeft UIInterfaceOrientationLandscapeRight";
				IPHONEOS_DEPLOYMENT_TARGET = 11.0;
				LD_RUNPATH_SEARCH_PATHS = (
					"$(inherited)",
					"@executable_path/Frameworks",
				);
				MARKETING_VERSION = 1.0;
				PRODUCT_BUNDLE_IDENTIFIER = com.mx.merchants;
				PRODUCT_NAME = "$(TARGET_NAME)";
				SWIFT_EMIT_LOC_STRINGS = YES;
				SWIFT_VERSION = 5.0;
				TARGETED_DEVICE_FAMILY = 1;
			};
			name = Debug;
		};
		BDC3123A27983C63009C641E /* Release */ = {
			isa = XCBuildConfiguration;
			buildSettings = {
				ASSETCATALOG_COMPILER_APPICON_NAME = AppIcon;
				ASSETCATALOG_COMPILER_GLOBAL_ACCENT_COLOR_NAME = AccentColor;
				CODE_SIGN_STYLE = Automatic;
				CURRENT_PROJECT_VERSION = 1;
				DEVELOPMENT_TEAM = F29XXG27ZR;
				GENERATE_INFOPLIST_FILE = YES;
				INFOPLIST_FILE = "ios-build-action-demo/Info.plist";
				INFOPLIST_KEY_UIApplicationSupportsIndirectInputEvents = YES;
				INFOPLIST_KEY_UILaunchStoryboardName = LaunchScreen;
				INFOPLIST_KEY_UIMainStoryboardFile = Main;
				INFOPLIST_KEY_UISupportedInterfaceOrientations_iPad = "UIInterfaceOrientationPortrait UIInterfaceOrientationPortraitUpsideDown UIInterfaceOrientationLandscapeLeft UIInterfaceOrientationLandscapeRight";
				INFOPLIST_KEY_UISupportedInterfaceOrientations_iPhone = "UIInterfaceOrientationPortrait UIInterfaceOrientationLandscapeLeft UIInterfaceOrientationLandscapeRight";
				IPHONEOS_DEPLOYMENT_TARGET = 11.0;
				LD_RUNPATH_SEARCH_PATHS = (
					"$(inherited)",
					"@executable_path/Frameworks",
				);
				MARKETING_VERSION = 1.0;
				PRODUCT_BUNDLE_IDENTIFIER = com.mx.merchants;
				PRODUCT_NAME = "$(TARGET_NAME)";
				SWIFT_EMIT_LOC_STRINGS = YES;
				SWIFT_VERSION = 5.0;
				TARGETED_DEVICE_FAMILY = 1;
			};
			name = Release;
		};
		BDC3123C27983C63009C641E /* Debug */ = {
			isa = XCBuildConfiguration;
			buildSettings = {
				ALWAYS_EMBED_SWIFT_STANDARD_LIBRARIES = YES;
				BUNDLE_LOADER = "$(TEST_HOST)";
				CODE_SIGN_STYLE = Automatic;
				CURRENT_PROJECT_VERSION = 1;
				DEVELOPMENT_TEAM = F29XXG27ZR;
				GENERATE_INFOPLIST_FILE = YES;
				IPHONEOS_DEPLOYMENT_TARGET = 15.0;
				LD_RUNPATH_SEARCH_PATHS = (
					"$(inherited)",
					"@executable_path/Frameworks",
					"@loader_path/Frameworks",
				);
				MARKETING_VERSION = 1.0;
				PRODUCT_BUNDLE_IDENTIFIER = "com.mx.merchants.ios-build-action-demoTests";
				PRODUCT_NAME = "$(TARGET_NAME)";
				SWIFT_EMIT_LOC_STRINGS = NO;
				SWIFT_VERSION = 5.0;
				TARGETED_DEVICE_FAMILY = "1,2";
				TEST_HOST = "$(BUILT_PRODUCTS_DIR)/ios-build-action-demo.app/ios-build-action-demo";
			};
			name = Debug;
		};
		BDC3123D27983C63009C641E /* Release */ = {
			isa = XCBuildConfiguration;
			buildSettings = {
				ALWAYS_EMBED_SWIFT_STANDARD_LIBRARIES = YES;
				BUNDLE_LOADER = "$(TEST_HOST)";
				CODE_SIGN_STYLE = Automatic;
				CURRENT_PROJECT_VERSION = 1;
				DEVELOPMENT_TEAM = F29XXG27ZR;
				GENERATE_INFOPLIST_FILE = YES;
				IPHONEOS_DEPLOYMENT_TARGET = 15.0;
				LD_RUNPATH_SEARCH_PATHS = (
					"$(inherited)",
					"@executable_path/Frameworks",
					"@loader_path/Frameworks",
				);
				MARKETING_VERSION = 1.0;
				PRODUCT_BUNDLE_IDENTIFIER = "com.mx.merchants.ios-build-action-demoTests";
				PRODUCT_NAME = "$(TARGET_NAME)";
				SWIFT_EMIT_LOC_STRINGS = NO;
				SWIFT_VERSION = 5.0;
				TARGETED_DEVICE_FAMILY = "1,2";
				TEST_HOST = "$(BUILT_PRODUCTS_DIR)/ios-build-action-demo.app/ios-build-action-demo";
			};
			name = Release;
		};
		BDC3123F27983C63009C641E /* Debug */ = {
			isa = XCBuildConfiguration;
			buildSettings = {
				ALWAYS_EMBED_SWIFT_STANDARD_LIBRARIES = YES;
				CODE_SIGN_STYLE = Automatic;
				CURRENT_PROJECT_VERSION = 1;
				DEVELOPMENT_TEAM = F29XXG27ZR;
				GENERATE_INFOPLIST_FILE = YES;
				LD_RUNPATH_SEARCH_PATHS = (
					"$(inherited)",
					"@executable_path/Frameworks",
					"@loader_path/Frameworks",
				);
				MARKETING_VERSION = 1.0;
				PRODUCT_BUNDLE_IDENTIFIER = "com.mx.merchants.ios-build-action-demoUITests";
				PRODUCT_NAME = "$(TARGET_NAME)";
				SWIFT_EMIT_LOC_STRINGS = NO;
				SWIFT_VERSION = 5.0;
				TARGETED_DEVICE_FAMILY = "1,2";
				TEST_TARGET_NAME = "ios-build-action-demo";
			};
			name = Debug;
		};
		BDC3124027983C63009C641E /* Release */ = {
			isa = XCBuildConfiguration;
			buildSettings = {
				ALWAYS_EMBED_SWIFT_STANDARD_LIBRARIES = YES;
				CODE_SIGN_STYLE = Automatic;
				CURRENT_PROJECT_VERSION = 1;
				DEVELOPMENT_TEAM = F29XXG27ZR;
				GENERATE_INFOPLIST_FILE = YES;
				LD_RUNPATH_SEARCH_PATHS = (
					"$(inherited)",
					"@executable_path/Frameworks",
					"@loader_path/Frameworks",
				);
				MARKETING_VERSION = 1.0;
				PRODUCT_BUNDLE_IDENTIFIER = "com.mx.merchants.ios-build-action-demoUITests";
				PRODUCT_NAME = "$(TARGET_NAME)";
				SWIFT_EMIT_LOC_STRINGS = NO;
				SWIFT_VERSION = 5.0;
				TARGETED_DEVICE_FAMILY = "1,2";
				TEST_TARGET_NAME = "ios-build-action-demo";
			};
			name = Release;
		};
/* End XCBuildConfiguration section */

/* Begin XCConfigurationList section */
		BDC3120927983C62009C641E /* Build configuration list for PBXProject "ios-build-action-demo" */ = {
			isa = XCConfigurationList;
			buildConfigurations = (
				BDC3123627983C63009C641E /* Debug */,
				BDC3123727983C63009C641E /* Release */,
			);
			defaultConfigurationIsVisible = 0;
			defaultConfigurationName = Release;
		};
		BDC3123827983C63009C641E /* Build configuration list for PBXNativeTarget "ios-build-action-demo" */ = {
			isa = XCConfigurationList;
			buildConfigurations = (
				BDC3123927983C63009C641E /* Debug */,
				BDC3123A27983C63009C641E /* Release */,
			);
			defaultConfigurationIsVisible = 0;
			defaultConfigurationName = Release;
		};
		BDC3123B27983C63009C641E /* Build configuration list for PBXNativeTarget "ios-build-action-demoTests" */ = {
			isa = XCConfigurationList;
			buildConfigurations = (
				BDC3123C27983C63009C641E /* Debug */,
				BDC3123D27983C63009C641E /* Release */,
			);
			defaultConfigurationIsVisible = 0;
			defaultConfigurationName = Release;
		};
		BDC3123E27983C63009C641E /* Build configuration list for PBXNativeTarget "ios-build-action-demoUITests" */ = {
			isa = XCConfigurationList;
			buildConfigurations = (
				BDC3123F27983C63009C641E /* Debug */,
				BDC3124027983C63009C641E /* Release */,
			);
			defaultConfigurationIsVisible = 0;
			defaultConfigurationName = Release;
		};
/* End XCConfigurationList section */
	};
	rootObject = BDC3120627983C62009C641E /* Project object */;
}
